// !$*UTF8*$!
{
	archiveVersion = 1;
	classes = {
	};
	objectVersion = 50;
	objects = {

/* Begin PBXBuildFile section */
		F7836F5C25AC38E200019352 /* AppDelegate.swift in Sources */ = {isa = PBXBuildFile; fileRef = F7836F5B25AC38E200019352 /* AppDelegate.swift */; };
		F7836F5E25AC38E200019352 /* SceneDelegate.swift in Sources */ = {isa = PBXBuildFile; fileRef = F7836F5D25AC38E200019352 /* SceneDelegate.swift */; };
		F7836F6025AC38E200019352 /* ViewController.swift in Sources */ = {isa = PBXBuildFile; fileRef = F7836F5F25AC38E200019352 /* ViewController.swift */; };
		F7836F6325AC38E200019352 /* Main.storyboard in Resources */ = {isa = PBXBuildFile; fileRef = F7836F6125AC38E200019352 /* Main.storyboard */; };
		F7836F6525AC38E200019352 /* Assets.xcassets in Resources */ = {isa = PBXBuildFile; fileRef = F7836F6425AC38E200019352 /* Assets.xcassets */; };
		F7836F6825AC38E200019352 /* LaunchScreen.storyboard in Resources */ = {isa = PBXBuildFile; fileRef = F7836F6625AC38E200019352 /* LaunchScreen.storyboard */; };
		F7836F7325AC38E200019352 /* KakaoProfileTests.swift in Sources */ = {isa = PBXBuildFile; fileRef = F7836F7225AC38E200019352 /* KakaoProfileTests.swift */; };
		F7836F7E25AC38E200019352 /* KakaoProfileUITests.swift in Sources */ = {isa = PBXBuildFile; fileRef = F7836F7D25AC38E200019352 /* KakaoProfileUITests.swift */; };
/* End PBXBuildFile section */

/* Begin PBXContainerItemProxy section */
		F7836F6F25AC38E200019352 /* PBXContainerItemProxy */ = {
			isa = PBXContainerItemProxy;
			containerPortal = F7836F5025AC38E100019352 /* Project object */;
			proxyType = 1;
			remoteGlobalIDString = F7836F5725AC38E200019352;
			remoteInfo = KakaoProfile;
		};
		F7836F7A25AC38E200019352 /* PBXContainerItemProxy */ = {
			isa = PBXContainerItemProxy;
			containerPortal = F7836F5025AC38E100019352 /* Project object */;
			proxyType = 1;
			remoteGlobalIDString = F7836F5725AC38E200019352;
			remoteInfo = KakaoProfile;
		};
/* End PBXContainerItemProxy section */

/* Begin PBXFileReference section */
		F7836F5825AC38E200019352 /* KakaoProfile.app */ = {isa = PBXFileReference; explicitFileType = wrapper.application; includeInIndex = 0; path = KakaoProfile.app; sourceTree = BUILT_PRODUCTS_DIR; };
		F7836F5B25AC38E200019352 /* AppDelegate.swift */ = {isa = PBXFileReference; lastKnownFileType = sourcecode.swift; path = AppDelegate.swift; sourceTree = "<group>"; };
		F7836F5D25AC38E200019352 /* SceneDelegate.swift */ = {isa = PBXFileReference; lastKnownFileType = sourcecode.swift; path = SceneDelegate.swift; sourceTree = "<group>"; };
		F7836F5F25AC38E200019352 /* ViewController.swift */ = {isa = PBXFileReference; lastKnownFileType = sourcecode.swift; path = ViewController.swift; sourceTree = "<group>"; };
		F7836F6225AC38E200019352 /* Base */ = {isa = PBXFileReference; lastKnownFileType = file.storyboard; name = Base; path = Base.lproj/Main.storyboard; sourceTree = "<group>"; };
		F7836F6425AC38E200019352 /* Assets.xcassets */ = {isa = PBXFileReference; lastKnownFileType = folder.assetcatalog; path = Assets.xcassets; sourceTree = "<group>"; };
		F7836F6725AC38E200019352 /* Base */ = {isa = PBXFileReference; lastKnownFileType = file.storyboard; name = Base; path = Base.lproj/LaunchScreen.storyboard; sourceTree = "<group>"; };
		F7836F6925AC38E200019352 /* Info.plist */ = {isa = PBXFileReference; lastKnownFileType = text.plist.xml; path = Info.plist; sourceTree = "<group>"; };
		F7836F6E25AC38E200019352 /* KakaoProfileTests.xctest */ = {isa = PBXFileReference; explicitFileType = wrapper.cfbundle; includeInIndex = 0; path = KakaoProfileTests.xctest; sourceTree = BUILT_PRODUCTS_DIR; };
		F7836F7225AC38E200019352 /* KakaoProfileTests.swift */ = {isa = PBXFileReference; lastKnownFileType = sourcecode.swift; path = KakaoProfileTests.swift; sourceTree = "<group>"; };
		F7836F7425AC38E200019352 /* Info.plist */ = {isa = PBXFileReference; lastKnownFileType = text.plist.xml; path = Info.plist; sourceTree = "<group>"; };
		F7836F7925AC38E200019352 /* KakaoProfileUITests.xctest */ = {isa = PBXFileReference; explicitFileType = wrapper.cfbundle; includeInIndex = 0; path = KakaoProfileUITests.xctest; sourceTree = BUILT_PRODUCTS_DIR; };
		F7836F7D25AC38E200019352 /* KakaoProfileUITests.swift */ = {isa = PBXFileReference; lastKnownFileType = sourcecode.swift; path = KakaoProfileUITests.swift; sourceTree = "<group>"; };
		F7836F7F25AC38E200019352 /* Info.plist */ = {isa = PBXFileReference; lastKnownFileType = text.plist.xml; path = Info.plist; sourceTree = "<group>"; };
/* End PBXFileReference section */

/* Begin PBXFrameworksBuildPhase section */
		F7836F5525AC38E200019352 /* Frameworks */ = {
			isa = PBXFrameworksBuildPhase;
			buildActionMask = 2147483647;
			files = (
			);
			runOnlyForDeploymentPostprocessing = 0;
		};
		F7836F6B25AC38E200019352 /* Frameworks */ = {
			isa = PBXFrameworksBuildPhase;
			buildActionMask = 2147483647;
			files = (
			);
			runOnlyForDeploymentPostprocessing = 0;
		};
		F7836F7625AC38E200019352 /* Frameworks */ = {
			isa = PBXFrameworksBuildPhase;
			buildActionMask = 2147483647;
			files = (
			);
			runOnlyForDeploymentPostprocessing = 0;
		};
/* End PBXFrameworksBuildPhase section */

/* Begin PBXGroup section */
		F7836F4F25AC38E100019352 = {
			isa = PBXGroup;
			children = (
				F7836F5A25AC38E200019352 /* KakaoProfile */,
				F7836F7125AC38E200019352 /* KakaoProfileTests */,
				F7836F7C25AC38E200019352 /* KakaoProfileUITests */,
				F7836F5925AC38E200019352 /* Products */,
			);
			sourceTree = "<group>";
		};
		F7836F5925AC38E200019352 /* Products */ = {
			isa = PBXGroup;
			children = (
				F7836F5825AC38E200019352 /* KakaoProfile.app */,
				F7836F6E25AC38E200019352 /* KakaoProfileTests.xctest */,
				F7836F7925AC38E200019352 /* KakaoProfileUITests.xctest */,
			);
			name = Products;
			sourceTree = "<group>";
		};
		F7836F5A25AC38E200019352 /* KakaoProfile */ = {
			isa = PBXGroup;
			children = (
				F7836F5B25AC38E200019352 /* AppDelegate.swift */,
				F7836F5D25AC38E200019352 /* SceneDelegate.swift */,
				F7836F5F25AC38E200019352 /* ViewController.swift */,
				F7836F6125AC38E200019352 /* Main.storyboard */,
				F7836F6425AC38E200019352 /* Assets.xcassets */,
				F7836F6625AC38E200019352 /* LaunchScreen.storyboard */,
				F7836F6925AC38E200019352 /* Info.plist */,
			);
			path = KakaoProfile;
			sourceTree = "<group>";
		};
		F7836F7125AC38E200019352 /* KakaoProfileTests */ = {
			isa = PBXGroup;
			children = (
				F7836F7225AC38E200019352 /* KakaoProfileTests.swift */,
				F7836F7425AC38E200019352 /* Info.plist */,
			);
			path = KakaoProfileTests;
			sourceTree = "<group>";
		};
		F7836F7C25AC38E200019352 /* KakaoProfileUITests */ = {
			isa = PBXGroup;
			children = (
				F7836F7D25AC38E200019352 /* KakaoProfileUITests.swift */,
				F7836F7F25AC38E200019352 /* Info.plist */,
			);
			path = KakaoProfileUITests;
			sourceTree = "<group>";
		};
/* End PBXGroup section */

/* Begin PBXNativeTarget section */
		F7836F5725AC38E200019352 /* KakaoProfile */ = {
			isa = PBXNativeTarget;
			buildConfigurationList = F7836F8225AC38E200019352 /* Build configuration list for PBXNativeTarget "KakaoProfile" */;
			buildPhases = (
				F7836F5425AC38E200019352 /* Sources */,
				F7836F5525AC38E200019352 /* Frameworks */,
				F7836F5625AC38E200019352 /* Resources */,
			);
			buildRules = (
			);
			dependencies = (
			);
			name = KakaoProfile;
			productName = KakaoProfile;
			productReference = F7836F5825AC38E200019352 /* KakaoProfile.app */;
			productType = "com.apple.product-type.application";
		};
		F7836F6D25AC38E200019352 /* KakaoProfileTests */ = {
			isa = PBXNativeTarget;
			buildConfigurationList = F7836F8525AC38E200019352 /* Build configuration list for PBXNativeTarget "KakaoProfileTests" */;
			buildPhases = (
				F7836F6A25AC38E200019352 /* Sources */,
				F7836F6B25AC38E200019352 /* Frameworks */,
				F7836F6C25AC38E200019352 /* Resources */,
			);
			buildRules = (
			);
			dependencies = (
				F7836F7025AC38E200019352 /* PBXTargetDependency */,
			);
			name = KakaoProfileTests;
			productName = KakaoProfileTests;
			productReference = F7836F6E25AC38E200019352 /* KakaoProfileTests.xctest */;
			productType = "com.apple.product-type.bundle.unit-test";
		};
		F7836F7825AC38E200019352 /* KakaoProfileUITests */ = {
			isa = PBXNativeTarget;
			buildConfigurationList = F7836F8825AC38E200019352 /* Build configuration list for PBXNativeTarget "KakaoProfileUITests" */;
			buildPhases = (
				F7836F7525AC38E200019352 /* Sources */,
				F7836F7625AC38E200019352 /* Frameworks */,
				F7836F7725AC38E200019352 /* Resources */,
			);
			buildRules = (
			);
			dependencies = (
				F7836F7B25AC38E200019352 /* PBXTargetDependency */,
			);
			name = KakaoProfileUITests;
			productName = KakaoProfileUITests;
			productReference = F7836F7925AC38E200019352 /* KakaoProfileUITests.xctest */;
			productType = "com.apple.product-type.bundle.ui-testing";
		};
/* End PBXNativeTarget section */

/* Begin PBXProject section */
		F7836F5025AC38E100019352 /* Project object */ = {
			isa = PBXProject;
			attributes = {
				LastSwiftUpdateCheck = 1230;
				LastUpgradeCheck = 1230;
				TargetAttributes = {
					F7836F5725AC38E200019352 = {
						CreatedOnToolsVersion = 12.3;
					};
					F7836F6D25AC38E200019352 = {
						CreatedOnToolsVersion = 12.3;
						TestTargetID = F7836F5725AC38E200019352;
					};
					F7836F7825AC38E200019352 = {
						CreatedOnToolsVersion = 12.3;
						TestTargetID = F7836F5725AC38E200019352;
					};
				};
			};
			buildConfigurationList = F7836F5325AC38E100019352 /* Build configuration list for PBXProject "KakaoProfile" */;
			compatibilityVersion = "Xcode 9.3";
			developmentRegion = en;
			hasScannedForEncodings = 0;
			knownRegions = (
				en,
				Base,
			);
			mainGroup = F7836F4F25AC38E100019352;
			productRefGroup = F7836F5925AC38E200019352 /* Products */;
			projectDirPath = "";
			projectRoot = "";
			targets = (
				F7836F5725AC38E200019352 /* KakaoProfile */,
				F7836F6D25AC38E200019352 /* KakaoProfileTests */,
				F7836F7825AC38E200019352 /* KakaoProfileUITests */,
			);
		};
/* End PBXProject section */

/* Begin PBXResourcesBuildPhase section */
		F7836F5625AC38E200019352 /* Resources */ = {
			isa = PBXResourcesBuildPhase;
			buildActionMask = 2147483647;
			files = (
				F7836F6825AC38E200019352 /* LaunchScreen.storyboard in Resources */,
				F7836F6525AC38E200019352 /* Assets.xcassets in Resources */,
				F7836F6325AC38E200019352 /* Main.storyboard in Resources */,
			);
			runOnlyForDeploymentPostprocessing = 0;
		};
		F7836F6C25AC38E200019352 /* Resources */ = {
			isa = PBXResourcesBuildPhase;
			buildActionMask = 2147483647;
			files = (
			);
			runOnlyForDeploymentPostprocessing = 0;
		};
		F7836F7725AC38E200019352 /* Resources */ = {
			isa = PBXResourcesBuildPhase;
			buildActionMask = 2147483647;
			files = (
			);
			runOnlyForDeploymentPostprocessing = 0;
		};
/* End PBXResourcesBuildPhase section */

/* Begin PBXSourcesBuildPhase section */
		F7836F5425AC38E200019352 /* Sources */ = {
			isa = PBXSourcesBuildPhase;
			buildActionMask = 2147483647;
			files = (
				F7836F6025AC38E200019352 /* ViewController.swift in Sources */,
				F7836F5C25AC38E200019352 /* AppDelegate.swift in Sources */,
				F7836F5E25AC38E200019352 /* SceneDelegate.swift in Sources */,
			);
			runOnlyForDeploymentPostprocessing = 0;
		};
		F7836F6A25AC38E200019352 /* Sources */ = {
			isa = PBXSourcesBuildPhase;
			buildActionMask = 2147483647;
			files = (
				F7836F7325AC38E200019352 /* KakaoProfileTests.swift in Sources */,
			);
			runOnlyForDeploymentPostprocessing = 0;
		};
		F7836F7525AC38E200019352 /* Sources */ = {
			isa = PBXSourcesBuildPhase;
			buildActionMask = 2147483647;
			files = (
				F7836F7E25AC38E200019352 /* KakaoProfileUITests.swift in Sources */,
			);
			runOnlyForDeploymentPostprocessing = 0;
		};
/* End PBXSourcesBuildPhase section */

/* Begin PBXTargetDependency section */
		F7836F7025AC38E200019352 /* PBXTargetDependency */ = {
			isa = PBXTargetDependency;
			target = F7836F5725AC38E200019352 /* KakaoProfile */;
			targetProxy = F7836F6F25AC38E200019352 /* PBXContainerItemProxy */;
		};
		F7836F7B25AC38E200019352 /* PBXTargetDependency */ = {
			isa = PBXTargetDependency;
			target = F7836F5725AC38E200019352 /* KakaoProfile */;
			targetProxy = F7836F7A25AC38E200019352 /* PBXContainerItemProxy */;
		};
/* End PBXTargetDependency section */

/* Begin PBXVariantGroup section */
		F7836F6125AC38E200019352 /* Main.storyboard */ = {
			isa = PBXVariantGroup;
			children = (
				F7836F6225AC38E200019352 /* Base */,
			);
			name = Main.storyboard;
			sourceTree = "<group>";
		};
		F7836F6625AC38E200019352 /* LaunchScreen.storyboard */ = {
			isa = PBXVariantGroup;
			children = (
				F7836F6725AC38E200019352 /* Base */,
			);
			name = LaunchScreen.storyboard;
			sourceTree = "<group>";
		};
/* End PBXVariantGroup section */

/* Begin XCBuildConfiguration section */
		F7836F8025AC38E200019352 /* Debug */ = {
			isa = XCBuildConfiguration;
			buildSettings = {
				ALWAYS_SEARCH_USER_PATHS = NO;
				CLANG_ANALYZER_NONNULL = YES;
				CLANG_ANALYZER_NUMBER_OBJECT_CONVERSION = YES_AGGRESSIVE;
				CLANG_CXX_LANGUAGE_STANDARD = "gnu++14";
				CLANG_CXX_LIBRARY = "libc++";
				CLANG_ENABLE_MODULES = YES;
				CLANG_ENABLE_OBJC_ARC = YES;
				CLANG_ENABLE_OBJC_WEAK = YES;
				CLANG_WARN_BLOCK_CAPTURE_AUTORELEASING = YES;
				CLANG_WARN_BOOL_CONVERSION = YES;
				CLANG_WARN_COMMA = YES;
				CLANG_WARN_CONSTANT_CONVERSION = YES;
				CLANG_WARN_DEPRECATED_OBJC_IMPLEMENTATIONS = YES;
				CLANG_WARN_DIRECT_OBJC_ISA_USAGE = YES_ERROR;
				CLANG_WARN_DOCUMENTATION_COMMENTS = YES;
				CLANG_WARN_EMPTY_BODY = YES;
				CLANG_WARN_ENUM_CONVERSION = YES;
				CLANG_WARN_INFINITE_RECURSION = YES;
				CLANG_WARN_INT_CONVERSION = YES;
				CLANG_WARN_NON_LITERAL_NULL_CONVERSION = YES;
				CLANG_WARN_OBJC_IMPLICIT_RETAIN_SELF = YES;
				CLANG_WARN_OBJC_LITERAL_CONVERSION = YES;
				CLANG_WARN_OBJC_ROOT_CLASS = YES_ERROR;
				CLANG_WARN_QUOTED_INCLUDE_IN_FRAMEWORK_HEADER = YES;
				CLANG_WARN_RANGE_LOOP_ANALYSIS = YES;
				CLANG_WARN_STRICT_PROTOTYPES = YES;
				CLANG_WARN_SUSPICIOUS_MOVE = YES;
				CLANG_WARN_UNGUARDED_AVAILABILITY = YES_AGGRESSIVE;
				CLANG_WARN_UNREACHABLE_CODE = YES;
				CLANG_WARN__DUPLICATE_METHOD_MATCH = YES;
				COPY_PHASE_STRIP = NO;
				DEBUG_INFORMATION_FORMAT = dwarf;
				ENABLE_STRICT_OBJC_MSGSEND = YES;
				ENABLE_TESTABILITY = YES;
				GCC_C_LANGUAGE_STANDARD = gnu11;
				GCC_DYNAMIC_NO_PIC = NO;
				GCC_NO_COMMON_BLOCKS = YES;
				GCC_OPTIMIZATION_LEVEL = 0;
				GCC_PREPROCESSOR_DEFINITIONS = (
					"DEBUG=1",
					"$(inherited)",
				);
				GCC_WARN_64_TO_32_BIT_CONVERSION = YES;
				GCC_WARN_ABOUT_RETURN_TYPE = YES_ERROR;
				GCC_WARN_UNDECLARED_SELECTOR = YES;
				GCC_WARN_UNINITIALIZED_AUTOS = YES_AGGRESSIVE;
				GCC_WARN_UNUSED_FUNCTION = YES;
				GCC_WARN_UNUSED_VARIABLE = YES;
				IPHONEOS_DEPLOYMENT_TARGET = 14.3;
				MTL_ENABLE_DEBUG_INFO = INCLUDE_SOURCE;
				MTL_FAST_MATH = YES;
				ONLY_ACTIVE_ARCH = YES;
				SDKROOT = iphoneos;
				SWIFT_ACTIVE_COMPILATION_CONDITIONS = DEBUG;
				SWIFT_OPTIMIZATION_LEVEL = "-Onone";
			};
			name = Debug;
		};
		F7836F8125AC38E200019352 /* Release */ = {
			isa = XCBuildConfiguration;
			buildSettings = {
				ALWAYS_SEARCH_USER_PATHS = NO;
				CLANG_ANALYZER_NONNULL = YES;
				CLANG_ANALYZER_NUMBER_OBJECT_CONVERSION = YES_AGGRESSIVE;
				CLANG_CXX_LANGUAGE_STANDARD = "gnu++14";
				CLANG_CXX_LIBRARY = "libc++";
				CLANG_ENABLE_MODULES = YES;
				CLANG_ENABLE_OBJC_ARC = YES;
				CLANG_ENABLE_OBJC_WEAK = YES;
				CLANG_WARN_BLOCK_CAPTURE_AUTORELEASING = YES;
				CLANG_WARN_BOOL_CONVERSION = YES;
				CLANG_WARN_COMMA = YES;
				CLANG_WARN_CONSTANT_CONVERSION = YES;
				CLANG_WARN_DEPRECATED_OBJC_IMPLEMENTATIONS = YES;
				CLANG_WARN_DIRECT_OBJC_ISA_USAGE = YES_ERROR;
				CLANG_WARN_DOCUMENTATION_COMMENTS = YES;
				CLANG_WARN_EMPTY_BODY = YES;
				CLANG_WARN_ENUM_CONVERSION = YES;
				CLANG_WARN_INFINITE_RECURSION = YES;
				CLANG_WARN_INT_CONVERSION = YES;
				CLANG_WARN_NON_LITERAL_NULL_CONVERSION = YES;
				CLANG_WARN_OBJC_IMPLICIT_RETAIN_SELF = YES;
				CLANG_WARN_OBJC_LITERAL_CONVERSION = YES;
				CLANG_WARN_OBJC_ROOT_CLASS = YES_ERROR;
				CLANG_WARN_QUOTED_INCLUDE_IN_FRAMEWORK_HEADER = YES;
				CLANG_WARN_RANGE_LOOP_ANALYSIS = YES;
				CLANG_WARN_STRICT_PROTOTYPES = YES;
				CLANG_WARN_SUSPICIOUS_MOVE = YES;
				CLANG_WARN_UNGUARDED_AVAILABILITY = YES_AGGRESSIVE;
				CLANG_WARN_UNREACHABLE_CODE = YES;
				CLANG_WARN__DUPLICATE_METHOD_MATCH = YES;
				COPY_PHASE_STRIP = NO;
				DEBUG_INFORMATION_FORMAT = "dwarf-with-dsym";
				ENABLE_NS_ASSERTIONS = NO;
				ENABLE_STRICT_OBJC_MSGSEND = YES;
				GCC_C_LANGUAGE_STANDARD = gnu11;
				GCC_NO_COMMON_BLOCKS = YES;
				GCC_WARN_64_TO_32_BIT_CONVERSION = YES;
				GCC_WARN_ABOUT_RETURN_TYPE = YES_ERROR;
				GCC_WARN_UNDECLARED_SELECTOR = YES;
				GCC_WARN_UNINITIALIZED_AUTOS = YES_AGGRESSIVE;
				GCC_WARN_UNUSED_FUNCTION = YES;
				GCC_WARN_UNUSED_VARIABLE = YES;
				IPHONEOS_DEPLOYMENT_TARGET = 14.3;
				MTL_ENABLE_DEBUG_INFO = NO;
				MTL_FAST_MATH = YES;
				SDKROOT = iphoneos;
				SWIFT_COMPILATION_MODE = wholemodule;
				SWIFT_OPTIMIZATION_LEVEL = "-O";
				VALIDATE_PRODUCT = YES;
			};
			name = Release;
		};
		F7836F8325AC38E200019352 /* Debug */ = {
			isa = XCBuildConfiguration;
			buildSettings = {
				ASSETCATALOG_COMPILER_APPICON_NAME = AppIcon;
				ASSETCATALOG_COMPILER_GLOBAL_ACCENT_COLOR_NAME = AccentColor;
				CODE_SIGN_STYLE = Automatic;
				INFOPLIST_FILE = KakaoProfile/Info.plist;
				LD_RUNPATH_SEARCH_PATHS = (
					"$(inherited)",
					"@executable_path/Frameworks",
				);
				PRODUCT_BUNDLE_IDENTIFIER = com.kakaocorp.KakaoProfile;
				PRODUCT_NAME = "$(TARGET_NAME)";
				SWIFT_VERSION = 5.0;
				TARGETED_DEVICE_FAMILY = "1,2";
			};
			name = Debug;
		};
		F7836F8425AC38E200019352 /* Release */ = {
			isa = XCBuildConfiguration;
			buildSettings = {
				ASSETCATALOG_COMPILER_APPICON_NAME = AppIcon;
				ASSETCATALOG_COMPILER_GLOBAL_ACCENT_COLOR_NAME = AccentColor;
				CODE_SIGN_STYLE = Automatic;
				INFOPLIST_FILE = KakaoProfile/Info.plist;
				LD_RUNPATH_SEARCH_PATHS = (
					"$(inherited)",
					"@executable_path/Frameworks",
				);
				PRODUCT_BUNDLE_IDENTIFIER = com.kakaocorp.KakaoProfile;
				PRODUCT_NAME = "$(TARGET_NAME)";
				SWIFT_VERSION = 5.0;
				TARGETED_DEVICE_FAMILY = "1,2";
			};
			name = Release;
		};
		F7836F8625AC38E200019352 /* Debug */ = {
			isa = XCBuildConfiguration;
			buildSettings = {
				ALWAYS_EMBED_SWIFT_STANDARD_LIBRARIES = YES;
				BUNDLE_LOADER = "$(TEST_HOST)";
				CODE_SIGN_STYLE = Automatic;
				INFOPLIST_FILE = KakaoProfileTests/Info.plist;
				IPHONEOS_DEPLOYMENT_TARGET = 14.3;
				LD_RUNPATH_SEARCH_PATHS = (
					"$(inherited)",
					"@executable_path/Frameworks",
					"@loader_path/Frameworks",
				);
				PRODUCT_BUNDLE_IDENTIFIER = com.kakaocorp.KakaoProfileTests;
				PRODUCT_NAME = "$(TARGET_NAME)";
				SWIFT_VERSION = 5.0;
				TARGETED_DEVICE_FAMILY = "1,2";
				TEST_HOST = "$(BUILT_PRODUCTS_DIR)/KakaoProfile.app/KakaoProfile";
			};
			name = Debug;
		};
		F7836F8725AC38E200019352 /* Release */ = {
			isa = XCBuildConfiguration;
			buildSettings = {
				ALWAYS_EMBED_SWIFT_STANDARD_LIBRARIES = YES;
				BUNDLE_LOADER = "$(TEST_HOST)";
				CODE_SIGN_STYLE = Automatic;
				INFOPLIST_FILE = KakaoProfileTests/Info.plist;
				IPHONEOS_DEPLOYMENT_TARGET = 14.3;
				LD_RUNPATH_SEARCH_PATHS = (
					"$(inherited)",
					"@executable_path/Frameworks",
					"@loader_path/Frameworks",
				);
				PRODUCT_BUNDLE_IDENTIFIER = com.kakaocorp.KakaoProfileTests;
				PRODUCT_NAME = "$(TARGET_NAME)";
				SWIFT_VERSION = 5.0;
				TARGETED_DEVICE_FAMILY = "1,2";
				TEST_HOST = "$(BUILT_PRODUCTS_DIR)/KakaoProfile.app/KakaoProfile";
			};
			name = Release;
		};
		F7836F8925AC38E200019352 /* Debug */ = {
			isa = XCBuildConfiguration;
			buildSettings = {
				ALWAYS_EMBED_SWIFT_STANDARD_LIBRARIES = YES;
				CODE_SIGN_STYLE = Automatic;
				INFOPLIST_FILE = KakaoProfileUITests/Info.plist;
				LD_RUNPATH_SEARCH_PATHS = (
					"$(inherited)",
					"@executable_path/Frameworks",
					"@loader_path/Frameworks",
				);
				PRODUCT_BUNDLE_IDENTIFIER = com.kakaocorp.KakaoProfileUITests;
				PRODUCT_NAME = "$(TARGET_NAME)";
				SWIFT_VERSION = 5.0;
				TARGETED_DEVICE_FAMILY = "1,2";
				TEST_TARGET_NAME = KakaoProfile;
			};
			name = Debug;
		};
		F7836F8A25AC38E200019352 /* Release */ = {
			isa = XCBuildConfiguration;
			buildSettings = {
				ALWAYS_EMBED_SWIFT_STANDARD_LIBRARIES = YES;
				CODE_SIGN_STYLE = Automatic;
				INFOPLIST_FILE = KakaoProfileUITests/Info.plist;
				LD_RUNPATH_SEARCH_PATHS = (
					"$(inherited)",
					"@executable_path/Frameworks",
					"@loader_path/Frameworks",
				);
				PRODUCT_BUNDLE_IDENTIFIER = com.kakaocorp.KakaoProfileUITests;
				PRODUCT_NAME = "$(TARGET_NAME)";
				SWIFT_VERSION = 5.0;
				TARGETED_DEVICE_FAMILY = "1,2";
				TEST_TARGET_NAME = KakaoProfile;
			};
			name = Release;
		};
/* End XCBuildConfiguration section */

/* Begin XCConfigurationList section */
		F7836F5325AC38E100019352 /* Build configuration list for PBXProject "KakaoProfile" */ = {
			isa = XCConfigurationList;
			buildConfigurations = (
				F7836F8025AC38E200019352 /* Debug */,
				F7836F8125AC38E200019352 /* Release */,
			);
			defaultConfigurationIsVisible = 0;
			defaultConfigurationName = Release;
		};
		F7836F8225AC38E200019352 /* Build configuration list for PBXNativeTarget "KakaoProfile" */ = {
			isa = XCConfigurationList;
			buildConfigurations = (
				F7836F8325AC38E200019352 /* Debug */,
				F7836F8425AC38E200019352 /* Release */,
			);
			defaultConfigurationIsVisible = 0;
			defaultConfigurationName = Release;
		};
		F7836F8525AC38E200019352 /* Build configuration list for PBXNativeTarget "KakaoProfileTests" */ = {
			isa = XCConfigurationList;
			buildConfigurations = (
				F7836F8625AC38E200019352 /* Debug */,
				F7836F8725AC38E200019352 /* Release */,
			);
			defaultConfigurationIsVisible = 0;
			defaultConfigurationName = Release;
		};
		F7836F8825AC38E200019352 /* Build configuration list for PBXNativeTarget "KakaoProfileUITests" */ = {
			isa = XCConfigurationList;
			buildConfigurations = (
				F7836F8925AC38E200019352 /* Debug */,
				F7836F8A25AC38E200019352 /* Release */,
			);
			defaultConfigurationIsVisible = 0;
			defaultConfigurationName = Release;
		};
/* End XCConfigurationList section */
	};
	rootObject = F7836F5025AC38E100019352 /* Project object */;
}
